
Microsoft Visual Studio Solution File, Format Version 12.00
# Visual Studio 14
VisualStudioVersion = 14.0.23107.0
MinimumVisualStudioVersion = 10.0.40219.1
Project("{FAE04EC0-301F-11D3-BF4B-00C04F79EFBC}") = "Librarian", "Librarian\Librarian.csproj", "{F7AFBF69-F2E6-402E-A0B8-2E9601DC81B8}"
EndProject
Project("{FAE04EC0-301F-11D3-BF4B-00C04F79EFBC}") = "Librarian.Tests", "Librarian.Tests\Librarian.Tests.csproj", "{AA8A6DF9-0343-4F12-8FD4-2F246CF8AE1F}"
EndProject
Project("{FAE04EC0-301F-11D3-BF4B-00C04F79EFBC}") = "TestSelfHost", "TestSelfHost\TestSelfHost.csproj", "{3E3986AC-681C-436C-A20A-DB3B748FA1B3}"
EndProject
Project("{FAE04EC0-301F-11D3-BF4B-00C04F79EFBC}") = "LibrarianHost", "LibrarianHost\LibrarianHost.csproj", "{C98B73A0-944F-4BFD-9C2F-E44B2D477138}"
EndProject
Project("{FAE04EC0-301F-11D3-BF4B-00C04F79EFBC}") = "Librarian.Data", "Librarian.Data\Librarian.Data.csproj", "{7587F6AE-F0D1-4EF0-A815-EA50777888D0}"
EndProject
Project("{FAE04EC0-301F-11D3-BF4B-00C04F79EFBC}") = "Librarian.Logic", "Librarian.Logic\Librarian.Logic.csproj", "{EFEEDCC9-291A-4BB6-AED4-30936CC18AA9}"
EndProject
Global
	GlobalSection(SolutionConfigurationPlatforms) = preSolution
		Debug|Any CPU = Debug|Any CPU
		Release|Any CPU = Release|Any CPU
	EndGlobalSection
	GlobalSection(ProjectConfigurationPlatforms) = postSolution
		{F7AFBF69-F2E6-402E-A0B8-2E9601DC81B8}.Debug|Any CPU.ActiveCfg = Debug|Any CPU
		{F7AFBF69-F2E6-402E-A0B8-2E9601DC81B8}.Debug|Any CPU.Build.0 = Debug|Any CPU
		{F7AFBF69-F2E6-402E-A0B8-2E9601DC81B8}.Release|Any CPU.ActiveCfg = Release|Any CPU
		{F7AFBF69-F2E6-402E-A0B8-2E9601DC81B8}.Release|Any CPU.Build.0 = Release|Any CPU
		{AA8A6DF9-0343-4F12-8FD4-2F246CF8AE1F}.Debug|Any CPU.ActiveCfg = Debug|Any CPU
		{AA8A6DF9-0343-4F12-8FD4-2F246CF8AE1F}.Debug|Any CPU.Build.0 = Debug|Any CPU
		{AA8A6DF9-0343-4F12-8FD4-2F246CF8AE1F}.Release|Any CPU.ActiveCfg = Release|Any CPU
		{AA8A6DF9-0343-4F12-8FD4-2F246CF8AE1F}.Release|Any CPU.Build.0 = Release|Any CPU
		{3E3986AC-681C-436C-A20A-DB3B748FA1B3}.Debug|Any CPU.ActiveCfg = Debug|Any CPU
		{3E3986AC-681C-436C-A20A-DB3B748FA1B3}.Debug|Any CPU.Build.0 = Debug|Any CPU
		{3E3986AC-681C-436C-A20A-DB3B748FA1B3}.Release|Any CPU.ActiveCfg = Release|Any CPU
		{3E3986AC-681C-436C-A20A-DB3B748FA1B3}.Release|Any CPU.Build.0 = Release|Any CPU
		{C98B73A0-944F-4BFD-9C2F-E44B2D477138}.Debug|Any CPU.ActiveCfg = Debug|Any CPU
		{C98B73A0-944F-4BFD-9C2F-E44B2D477138}.Debug|Any CPU.Build.0 = Debug|Any CPU
		{C98B73A0-944F-4BFD-9C2F-E44B2D477138}.Release|Any CPU.ActiveCfg = Release|Any CPU
		{C98B73A0-944F-4BFD-9C2F-E44B2D477138}.Release|Any CPU.Build.0 = Release|Any CPU
		{7587F6AE-F0D1-4EF0-A815-EA50777888D0}.Debug|Any CPU.ActiveCfg = Debug|Any CPU
		{7587F6AE-F0D1-4EF0-A815-EA50777888D0}.Debug|Any CPU.Build.0 = Debug|Any CPU
		{7587F6AE-F0D1-4EF0-A815-EA50777888D0}.Release|Any CPU.ActiveCfg = Release|Any CPU
		{7587F6AE-F0D1-4EF0-A815-EA50777888D0}.Release|Any CPU.Build.0 = Release|Any CPU
		{EFEEDCC9-291A-4BB6-AED4-30936CC18AA9}.Debug|Any CPU.ActiveCfg = Debug|Any CPU
		{EFEEDCC9-291A-4BB6-AED4-30936CC18AA9}.Debug|Any CPU.Build.0 = Debug|Any CPU
		{EFEEDCC9-291A-4BB6-AED4-30936CC18AA9}.Release|Any CPU.ActiveCfg = Release|Any CPU
		{EFEEDCC9-291A-4BB6-AED4-30936CC18AA9}.Release|Any CPU.Build.0 = Release|Any CPU
	EndGlobalSection
	GlobalSection(SolutionProperties) = preSolution
		HideSolutionNode = FALSE
	EndGlobalSection
EndGlobal
